// !$*UTF8*$!
{
	archiveVersion = 1;
	classes = {
	};
	objectVersion = 46;
	objects = {

/* Begin PBXBuildFile section */
		9842AF771B9E0B81009B0D87 /* main.m in Sources */ = {isa = PBXBuildFile; fileRef = 9842AF761B9E0B81009B0D87 /* main.m */; };
		9842AF7A1B9E0B81009B0D87 /* AppDelegate.m in Sources */ = {isa = PBXBuildFile; fileRef = 9842AF791B9E0B81009B0D87 /* AppDelegate.m */; };
		9842AF7D1B9E0B81009B0D87 /* ViewController.m in Sources */ = {isa = PBXBuildFile; fileRef = 9842AF7C1B9E0B81009B0D87 /* ViewController.m */; };
		9842AF801B9E0B81009B0D87 /* Main.storyboard in Resources */ = {isa = PBXBuildFile; fileRef = 9842AF7E1B9E0B81009B0D87 /* Main.storyboard */; };
		9842AF821B9E0B81009B0D87 /* Images.xcassets in Resources */ = {isa = PBXBuildFile; fileRef = 9842AF811B9E0B81009B0D87 /* Images.xcassets */; };
		9842AF851B9E0B81009B0D87 /* LaunchScreen.xib in Resources */ = {isa = PBXBuildFile; fileRef = 9842AF831B9E0B81009B0D87 /* LaunchScreen.xib */; };
		9842AF911B9E0B81009B0D87 /* calcdaoappTests.m in Sources */ = {isa = PBXBuildFile; fileRef = 9842AF901B9E0B81009B0D87 /* calcdaoappTests.m */; };
		98CE07E61C499AE400FEF61E /* CalcDao.framework in Frameworks */ = {isa = PBXBuildFile; fileRef = 98CE07E51C499AE400FEF61E /* CalcDao.framework */; };
		98F05DD81C49836B0004515D /* CalcDao.h in Headers */ = {isa = PBXBuildFile; fileRef = 98F05DD71C49836B0004515D /* CalcDao.h */; settings = {ATTRIBUTES = (Public, ); }; };
		98F05DDC1C49836B0004515D /* CalcDao.framework in Frameworks */ = {isa = PBXBuildFile; fileRef = 98F05DD51C49836B0004515D /* CalcDao.framework */; };
		98F05DDE1C49836B0004515D /* CalcDao.framework in Embed Frameworks */ = {isa = PBXBuildFile; fileRef = 98F05DD51C49836B0004515D /* CalcDao.framework */; settings = {ATTRIBUTES = (CodeSignOnCopy, RemoveHeadersOnCopy, ); }; };
		98F05DE71C4987250004515D /* calc.h in Headers */ = {isa = PBXBuildFile; fileRef = 98F05DE51C4987250004515D /* calc.h */; settings = {ATTRIBUTES = (Public, ); }; };
		98F05DE81C4987250004515D /* calc.m in Sources */ = {isa = PBXBuildFile; fileRef = 98F05DE61C4987250004515D /* calc.m */; };
/* End PBXBuildFile section */

/* Begin PBXContainerItemProxy section */
		9842AF8B1B9E0B81009B0D87 /* PBXContainerItemProxy */ = {
			isa = PBXContainerItemProxy;
			containerPortal = 9842AF691B9E0B81009B0D87 /* Project object */;
			proxyType = 1;
			remoteGlobalIDString = 9842AF701B9E0B81009B0D87;
			remoteInfo = calcdaoapp;
		};
		98F05DDA1C49836B0004515D /* PBXContainerItemProxy */ = {
			isa = PBXContainerItemProxy;
			containerPortal = 9842AF691B9E0B81009B0D87 /* Project object */;
			proxyType = 1;
			remoteGlobalIDString = 98F05DD41C49836B0004515D;
			remoteInfo = calcDao;
		};
/* End PBXContainerItemProxy section */

/* Begin PBXCopyFilesBuildPhase section */
		98F05DDD1C49836B0004515D /* Embed Frameworks */ = {
			isa = PBXCopyFilesBuildPhase;
			buildActionMask = 2147483647;
			dstPath = "";
			dstSubfolderSpec = 10;
			files = (
				98F05DDE1C49836B0004515D /* CalcDao.framework in Embed Frameworks */,
			);
			name = "Embed Frameworks";
			runOnlyForDeploymentPostprocessing = 0;
		};
/* End PBXCopyFilesBuildPhase section */

/* Begin PBXFileReference section */
		9842AF711B9E0B81009B0D87 /* calcdaoapp.app */ = {isa = PBXFileReference; explicitFileType = wrapper.application; includeInIndex = 0; path = calcdaoapp.app; sourceTree = BUILT_PRODUCTS_DIR; };
		9842AF751B9E0B81009B0D87 /* Info.plist */ = {isa = PBXFileReference; lastKnownFileType = text.plist.xml; path = Info.plist; sourceTree = "<group>"; };
		9842AF761B9E0B81009B0D87 /* main.m */ = {isa = PBXFileReference; lastKnownFileType = sourcecode.c.objc; path = main.m; sourceTree = "<group>"; };
		9842AF781B9E0B81009B0D87 /* AppDelegate.h */ = {isa = PBXFileReference; lastKnownFileType = sourcecode.c.h; path = AppDelegate.h; sourceTree = "<group>"; };
		9842AF791B9E0B81009B0D87 /* AppDelegate.m */ = {isa = PBXFileReference; lastKnownFileType = sourcecode.c.objc; path = AppDelegate.m; sourceTree = "<group>"; };
		9842AF7B1B9E0B81009B0D87 /* ViewController.h */ = {isa = PBXFileReference; lastKnownFileType = sourcecode.c.h; path = ViewController.h; sourceTree = "<group>"; };
		9842AF7C1B9E0B81009B0D87 /* ViewController.m */ = {isa = PBXFileReference; lastKnownFileType = sourcecode.c.objc; path = ViewController.m; sourceTree = "<group>"; };
		9842AF7F1B9E0B81009B0D87 /* Base */ = {isa = PBXFileReference; lastKnownFileType = file.storyboard; name = Base; path = Base.lproj/Main.storyboard; sourceTree = "<group>"; };
		9842AF811B9E0B81009B0D87 /* Images.xcassets */ = {isa = PBXFileReference; lastKnownFileType = folder.assetcatalog; path = Images.xcassets; sourceTree = "<group>"; };
		9842AF841B9E0B81009B0D87 /* Base */ = {isa = PBXFileReference; lastKnownFileType = file.xib; name = Base; path = Base.lproj/LaunchScreen.xib; sourceTree = "<group>"; };
		9842AF8A1B9E0B81009B0D87 /* calcdaoappTests.xctest */ = {isa = PBXFileReference; explicitFileType = wrapper.cfbundle; includeInIndex = 0; path = calcdaoappTests.xctest; sourceTree = BUILT_PRODUCTS_DIR; };
		9842AF8F1B9E0B81009B0D87 /* Info.plist */ = {isa = PBXFileReference; lastKnownFileType = text.plist.xml; path = Info.plist; sourceTree = "<group>"; };
		9842AF901B9E0B81009B0D87 /* calcdaoappTests.m */ = {isa = PBXFileReference; lastKnownFileType = sourcecode.c.objc; path = calcdaoappTests.m; sourceTree = "<group>"; };
		98CE07E51C499AE400FEF61E /* CalcDao.framework */ = {isa = PBXFileReference; lastKnownFileType = wrapper.framework; path = CalcDao.framework; sourceTree = SOURCE_ROOT; };
		98CE07E71C4D722900FEF61E /* module.modulemap */ = {isa = PBXFileReference; lastKnownFileType = "sourcecode.module-map"; path = module.modulemap; sourceTree = "<group>"; };
		98F05DD51C49836B0004515D /* CalcDao.framework */ = {isa = PBXFileReference; explicitFileType = wrapper.framework; includeInIndex = 0; path = CalcDao.framework; sourceTree = BUILT_PRODUCTS_DIR; };
		98F05DD71C49836B0004515D /* CalcDao.h */ = {isa = PBXFileReference; lastKnownFileType = sourcecode.c.h; path = CalcDao.h; sourceTree = "<group>"; };
		98F05DD91C49836B0004515D /* Info.plist */ = {isa = PBXFileReference; lastKnownFileType = text.plist.xml; path = Info.plist; sourceTree = "<group>"; };
		98F05DE51C4987250004515D /* calc.h */ = {isa = PBXFileReference; fileEncoding = 4; lastKnownFileType = sourcecode.c.h; name = calc.h; path = CalcDao/calc.h; sourceTree = SOURCE_ROOT; };
		98F05DE61C4987250004515D /* calc.m */ = {isa = PBXFileReference; fileEncoding = 4; lastKnownFileType = sourcecode.c.objc; name = calc.m; path = CalcDao/calc.m; sourceTree = SOURCE_ROOT; };
/* End PBXFileReference section */

/* Begin PBXFrameworksBuildPhase section */
		9842AF6E1B9E0B81009B0D87 /* Frameworks */ = {
			isa = PBXFrameworksBuildPhase;
			buildActionMask = 2147483647;
			files = (
				98CE07E61C499AE400FEF61E /* CalcDao.framework in Frameworks */,
				98F05DDC1C49836B0004515D /* CalcDao.framework in Frameworks */,
			);
			runOnlyForDeploymentPostprocessing = 0;
		};
		9842AF871B9E0B81009B0D87 /* Frameworks */ = {
			isa = PBXFrameworksBuildPhase;
			buildActionMask = 2147483647;
			files = (
			);
			runOnlyForDeploymentPostprocessing = 0;
		};
		98F05DD11C49836B0004515D /* Frameworks */ = {
			isa = PBXFrameworksBuildPhase;
			buildActionMask = 2147483647;
			files = (
			);
			runOnlyForDeploymentPostprocessing = 0;
		};
/* End PBXFrameworksBuildPhase section */

/* Begin PBXGroup section */
		9842AF681B9E0B81009B0D87 = {
			isa = PBXGroup;
			children = (
				9842AF731B9E0B81009B0D87 /* calcdaoapp */,
				9842AF8D1B9E0B81009B0D87 /* calcdaoappTests */,
				98F05DD61C49836B0004515D /* calcDao */,
				9842AF721B9E0B81009B0D87 /* Products */,
			);
			sourceTree = "<group>";
		};
		9842AF721B9E0B81009B0D87 /* Products */ = {
			isa = PBXGroup;
			children = (
				9842AF711B9E0B81009B0D87 /* calcdaoapp.app */,
				9842AF8A1B9E0B81009B0D87 /* calcdaoappTests.xctest */,
				98F05DD51C49836B0004515D /* CalcDao.framework */,
			);
			name = Products;
			sourceTree = "<group>";
		};
		9842AF731B9E0B81009B0D87 /* calcdaoapp */ = {
			isa = PBXGroup;
			children = (
				98CE07E51C499AE400FEF61E /* CalcDao.framework */,
				9842AF781B9E0B81009B0D87 /* AppDelegate.h */,
				9842AF791B9E0B81009B0D87 /* AppDelegate.m */,
				9842AF7B1B9E0B81009B0D87 /* ViewController.h */,
				9842AF7C1B9E0B81009B0D87 /* ViewController.m */,
				9842AF7E1B9E0B81009B0D87 /* Main.storyboard */,
				9842AF811B9E0B81009B0D87 /* Images.xcassets */,
				9842AF831B9E0B81009B0D87 /* LaunchScreen.xib */,
				9842AF741B9E0B81009B0D87 /* Supporting Files */,
			);
			path = calcdaoapp;
			sourceTree = "<group>";
		};
		9842AF741B9E0B81009B0D87 /* Supporting Files */ = {
			isa = PBXGroup;
			children = (
				9842AF751B9E0B81009B0D87 /* Info.plist */,
				9842AF761B9E0B81009B0D87 /* main.m */,
			);
			name = "Supporting Files";
			sourceTree = "<group>";
		};
		9842AF8D1B9E0B81009B0D87 /* calcdaoappTests */ = {
			isa = PBXGroup;
			children = (
				9842AF901B9E0B81009B0D87 /* calcdaoappTests.m */,
				9842AF8E1B9E0B81009B0D87 /* Supporting Files */,
			);
			path = calcdaoappTests;
			sourceTree = "<group>";
		};
		9842AF8E1B9E0B81009B0D87 /* Supporting Files */ = {
			isa = PBXGroup;
			children = (
				9842AF8F1B9E0B81009B0D87 /* Info.plist */,
			);
			name = "Supporting Files";
			sourceTree = "<group>";
		};
		98F05DD61C49836B0004515D /* calcDao */ = {
			isa = PBXGroup;
			children = (
				98CE07E71C4D722900FEF61E /* module.modulemap */,
				98F05DD71C49836B0004515D /* CalcDao.h */,
				98F05DD91C49836B0004515D /* Info.plist */,
				98F05DE51C4987250004515D /* calc.h */,
				98F05DE61C4987250004515D /* calc.m */,
			);
			path = calcDao;
			sourceTree = "<group>";
		};
/* End PBXGroup section */

/* Begin PBXHeadersBuildPhase section */
		98F05DD21C49836B0004515D /* Headers */ = {
			isa = PBXHeadersBuildPhase;
			buildActionMask = 2147483647;
			files = (
				98F05DD81C49836B0004515D /* CalcDao.h in Headers */,
				98F05DE71C4987250004515D /* calc.h in Headers */,
			);
			runOnlyForDeploymentPostprocessing = 0;
		};
/* End PBXHeadersBuildPhase section */

/* Begin PBXNativeTarget section */
		9842AF701B9E0B81009B0D87 /* calcdaoapp */ = {
			isa = PBXNativeTarget;
			buildConfigurationList = 9842AF941B9E0B81009B0D87 /* Build configuration list for PBXNativeTarget "calcdaoapp" */;
			buildPhases = (
				9842AF6D1B9E0B81009B0D87 /* Sources */,
				9842AF6E1B9E0B81009B0D87 /* Frameworks */,
				9842AF6F1B9E0B81009B0D87 /* Resources */,
				98F05DDD1C49836B0004515D /* Embed Frameworks */,
			);
			buildRules = (
			);
			dependencies = (
				98F05DDB1C49836B0004515D /* PBXTargetDependency */,
			);
			name = calcdaoapp;
			productName = calcdaoapp;
			productReference = 9842AF711B9E0B81009B0D87 /* calcdaoapp.app */;
			productType = "com.apple.product-type.application";
		};
		9842AF891B9E0B81009B0D87 /* calcdaoappTests */ = {
			isa = PBXNativeTarget;
			buildConfigurationList = 9842AF971B9E0B81009B0D87 /* Build configuration list for PBXNativeTarget "calcdaoappTests" */;
			buildPhases = (
				9842AF861B9E0B81009B0D87 /* Sources */,
				9842AF871B9E0B81009B0D87 /* Frameworks */,
				9842AF881B9E0B81009B0D87 /* Resources */,
			);
			buildRules = (
			);
			dependencies = (
				9842AF8C1B9E0B81009B0D87 /* PBXTargetDependency */,
			);
			name = calcdaoappTests;
			productName = calcdaoappTests;
			productReference = 9842AF8A1B9E0B81009B0D87 /* calcdaoappTests.xctest */;
			productType = "com.apple.product-type.bundle.unit-test";
		};
		98F05DD41C49836B0004515D /* CalcDao */ = {
			isa = PBXNativeTarget;
			buildConfigurationList = 98F05DE11C49836C0004515D /* Build configuration list for PBXNativeTarget "CalcDao" */;
			buildPhases = (
				98F05DD01C49836B0004515D /* Sources */,
				98F05DD11C49836B0004515D /* Frameworks */,
				98F05DD21C49836B0004515D /* Headers */,
				98F05DD31C49836B0004515D /* Resources */,
			);
			buildRules = (
			);
			dependencies = (
			);
			name = CalcDao;
			productName = calcDao;
			productReference = 98F05DD51C49836B0004515D /* CalcDao.framework */;
			productType = "com.apple.product-type.framework";
		};
/* End PBXNativeTarget section */

/* Begin PBXProject section */
		9842AF691B9E0B81009B0D87 /* Project object */ = {
			isa = PBXProject;
			attributes = {
				LastUpgradeCheck = 0640;
				ORGANIZATIONNAME = Acuant;
				TargetAttributes = {
					9842AF701B9E0B81009B0D87 = {
						CreatedOnToolsVersion = 6.4;
					};
					9842AF891B9E0B81009B0D87 = {
						CreatedOnToolsVersion = 6.4;
						TestTargetID = 9842AF701B9E0B81009B0D87;
					};
					98F05DD41C49836B0004515D = {
						CreatedOnToolsVersion = 7.2;
					};
				};
			};
			buildConfigurationList = 9842AF6C1B9E0B81009B0D87 /* Build configuration list for PBXProject "calcdaoapp" */;
			compatibilityVersion = "Xcode 3.2";
			developmentRegion = English;
			hasScannedForEncodings = 0;
			knownRegions = (
				en,
				Base,
			);
			mainGroup = 9842AF681B9E0B81009B0D87;
			productRefGroup = 9842AF721B9E0B81009B0D87 /* Products */;
			projectDirPath = "";
			projectRoot = "";
			targets = (
				9842AF701B9E0B81009B0D87 /* calcdaoapp */,
				9842AF891B9E0B81009B0D87 /* calcdaoappTests */,
				98F05DD41C49836B0004515D /* CalcDao */,
			);
		};
/* End PBXProject section */

/* Begin PBXResourcesBuildPhase section */
		9842AF6F1B9E0B81009B0D87 /* Resources */ = {
			isa = PBXResourcesBuildPhase;
			buildActionMask = 2147483647;
			files = (
				9842AF801B9E0B81009B0D87 /* Main.storyboard in Resources */,
				9842AF851B9E0B81009B0D87 /* LaunchScreen.xib in Resources */,
				9842AF821B9E0B81009B0D87 /* Images.xcassets in Resources */,
			);
			runOnlyForDeploymentPostprocessing = 0;
		};
		9842AF881B9E0B81009B0D87 /* Resources */ = {
			isa = PBXResourcesBuildPhase;
			buildActionMask = 2147483647;
			files = (
			);
			runOnlyForDeploymentPostprocessing = 0;
		};
		98F05DD31C49836B0004515D /* Resources */ = {
			isa = PBXResourcesBuildPhase;
			buildActionMask = 2147483647;
			files = (
			);
			runOnlyForDeploymentPostprocessing = 0;
		};
/* End PBXResourcesBuildPhase section */

/* Begin PBXSourcesBuildPhase section */
		9842AF6D1B9E0B81009B0D87 /* Sources */ = {
			isa = PBXSourcesBuildPhase;
			buildActionMask = 2147483647;
			files = (
				9842AF7D1B9E0B81009B0D87 /* ViewController.m in Sources */,
				9842AF7A1B9E0B81009B0D87 /* AppDelegate.m in Sources */,
				9842AF771B9E0B81009B0D87 /* main.m in Sources */,
			);
			runOnlyForDeploymentPostprocessing = 0;
		};
		9842AF861B9E0B81009B0D87 /* Sources */ = {
			isa = PBXSourcesBuildPhase;
			buildActionMask = 2147483647;
			files = (
				9842AF911B9E0B81009B0D87 /* calcdaoappTests.m in Sources */,
			);
			runOnlyForDeploymentPostprocessing = 0;
		};
		98F05DD01C49836B0004515D /* Sources */ = {
			isa = PBXSourcesBuildPhase;
			buildActionMask = 2147483647;
			files = (
				98F05DE81C4987250004515D /* calc.m in Sources */,
			);
			runOnlyForDeploymentPostprocessing = 0;
		};
/* End PBXSourcesBuildPhase section */

/* Begin PBXTargetDependency section */
		9842AF8C1B9E0B81009B0D87 /* PBXTargetDependency */ = {
			isa = PBXTargetDependency;
			target = 9842AF701B9E0B81009B0D87 /* calcdaoapp */;
			targetProxy = 9842AF8B1B9E0B81009B0D87 /* PBXContainerItemProxy */;
		};
		98F05DDB1C49836B0004515D /* PBXTargetDependency */ = {
			isa = PBXTargetDependency;
			target = 98F05DD41C49836B0004515D /* CalcDao */;
			targetProxy = 98F05DDA1C49836B0004515D /* PBXContainerItemProxy */;
		};
/* End PBXTargetDependency section */

/* Begin PBXVariantGroup section */
		9842AF7E1B9E0B81009B0D87 /* Main.storyboard */ = {
			isa = PBXVariantGroup;
			children = (
				9842AF7F1B9E0B81009B0D87 /* Base */,
			);
			name = Main.storyboard;
			sourceTree = "<group>";
		};
		9842AF831B9E0B81009B0D87 /* LaunchScreen.xib */ = {
			isa = PBXVariantGroup;
			children = (
				9842AF841B9E0B81009B0D87 /* Base */,
			);
			name = LaunchScreen.xib;
			sourceTree = "<group>";
		};
/* End PBXVariantGroup section */

/* Begin XCBuildConfiguration section */
		9842AF921B9E0B81009B0D87 /* Debug */ = {
			isa = XCBuildConfiguration;
			buildSettings = {
				ALWAYS_SEARCH_USER_PATHS = NO;
				CLANG_CXX_LANGUAGE_STANDARD = "gnu++0x";
				CLANG_CXX_LIBRARY = "libc++";
				CLANG_ENABLE_MODULES = YES;
				CLANG_ENABLE_OBJC_ARC = YES;
				CLANG_WARN_BOOL_CONVERSION = YES;
				CLANG_WARN_CONSTANT_CONVERSION = YES;
				CLANG_WARN_DIRECT_OBJC_ISA_USAGE = YES_ERROR;
				CLANG_WARN_EMPTY_BODY = YES;
				CLANG_WARN_ENUM_CONVERSION = YES;
				CLANG_WARN_INT_CONVERSION = YES;
				CLANG_WARN_OBJC_ROOT_CLASS = YES_ERROR;
				CLANG_WARN_UNREACHABLE_CODE = YES;
				CLANG_WARN__DUPLICATE_METHOD_MATCH = YES;
				"CODE_SIGN_IDENTITY[sdk=iphoneos*]" = "iPhone Developer";
				COPY_PHASE_STRIP = NO;
				DEBUG_INFORMATION_FORMAT = "dwarf-with-dsym";
				ENABLE_STRICT_OBJC_MSGSEND = YES;
				GCC_C_LANGUAGE_STANDARD = gnu99;
				GCC_DYNAMIC_NO_PIC = NO;
				GCC_NO_COMMON_BLOCKS = YES;
				GCC_OPTIMIZATION_LEVEL = 0;
				GCC_PREPROCESSOR_DEFINITIONS = (
					"DEBUG=1",
					"$(inherited)",
				);
				GCC_SYMBOLS_PRIVATE_EXTERN = NO;
				GCC_WARN_64_TO_32_BIT_CONVERSION = YES;
				GCC_WARN_ABOUT_RETURN_TYPE = YES_ERROR;
				GCC_WARN_UNDECLARED_SELECTOR = YES;
				GCC_WARN_UNINITIALIZED_AUTOS = YES_AGGRESSIVE;
				GCC_WARN_UNUSED_FUNCTION = YES;
				GCC_WARN_UNUSED_VARIABLE = YES;
				IPHONEOS_DEPLOYMENT_TARGET = 8.4;
				MTL_ENABLE_DEBUG_INFO = YES;
				ONLY_ACTIVE_ARCH = YES;
				SDKROOT = iphoneos;
				TARGETED_DEVICE_FAMILY = "1,2";
			};
			name = Debug;
		};
		9842AF931B9E0B81009B0D87 /* Release */ = {
			isa = XCBuildConfiguration;
			buildSettings = {
				ALWAYS_SEARCH_USER_PATHS = NO;
				CLANG_CXX_LANGUAGE_STANDARD = "gnu++0x";
				CLANG_CXX_LIBRARY = "libc++";
				CLANG_ENABLE_MODULES = YES;
				CLANG_ENABLE_OBJC_ARC = YES;
				CLANG_WARN_BOOL_CONVERSION = YES;
				CLANG_WARN_CONSTANT_CONVERSION = YES;
				CLANG_WARN_DIRECT_OBJC_ISA_USAGE = YES_ERROR;
				CLANG_WARN_EMPTY_BODY = YES;
				CLANG_WARN_ENUM_CONVERSION = YES;
				CLANG_WARN_INT_CONVERSION = YES;
				CLANG_WARN_OBJC_ROOT_CLASS = YES_ERROR;
				CLANG_WARN_UNREACHABLE_CODE = YES;
				CLANG_WARN__DUPLICATE_METHOD_MATCH = YES;
				"CODE_SIGN_IDENTITY[sdk=iphoneos*]" = "iPhone Developer";
				COPY_PHASE_STRIP = NO;
				DEBUG_INFORMATION_FORMAT = "dwarf-with-dsym";
				ENABLE_NS_ASSERTIONS = NO;
				ENABLE_STRICT_OBJC_MSGSEND = YES;
				GCC_C_LANGUAGE_STANDARD = gnu99;
				GCC_NO_COMMON_BLOCKS = YES;
				GCC_WARN_64_TO_32_BIT_CONVERSION = YES;
				GCC_WARN_ABOUT_RETURN_TYPE = YES_ERROR;
				GCC_WARN_UNDECLARED_SELECTOR = YES;
				GCC_WARN_UNINITIALIZED_AUTOS = YES_AGGRESSIVE;
				GCC_WARN_UNUSED_FUNCTION = YES;
				GCC_WARN_UNUSED_VARIABLE = YES;
				IPHONEOS_DEPLOYMENT_TARGET = 8.4;
				MTL_ENABLE_DEBUG_INFO = NO;
				SDKROOT = iphoneos;
				TARGETED_DEVICE_FAMILY = "1,2";
				VALIDATE_PRODUCT = YES;
			};
			name = Release;
		};
		9842AF951B9E0B81009B0D87 /* Debug */ = {
			isa = XCBuildConfiguration;
			buildSettings = {
				ASSETCATALOG_COMPILER_APPICON_NAME = AppIcon;
				FRAMEWORK_SEARCH_PATHS = (
					"$(inherited)",
					"$(PROJECT_DIR)",
					"$(PROJECT_DIR)/calcdaoapp",
				);
				INFOPLIST_FILE = calcdaoapp/Info.plist;
				LD_RUNPATH_SEARCH_PATHS = "$(inherited) @executable_path/Frameworks";
				PRODUCT_NAME = "$(TARGET_NAME)";
			};
			name = Debug;
		};
		9842AF961B9E0B81009B0D87 /* Release */ = {
			isa = XCBuildConfiguration;
			buildSettings = {
				ASSETCATALOG_COMPILER_APPICON_NAME = AppIcon;
				FRAMEWORK_SEARCH_PATHS = (
					"$(inherited)",
					"$(PROJECT_DIR)",
					"$(PROJECT_DIR)/calcdaoapp",
				);
				INFOPLIST_FILE = calcdaoapp/Info.plist;
				LD_RUNPATH_SEARCH_PATHS = "$(inherited) @executable_path/Frameworks";
				PRODUCT_NAME = "$(TARGET_NAME)";
			};
			name = Release;
		};
		9842AF981B9E0B81009B0D87 /* Debug */ = {
			isa = XCBuildConfiguration;
			buildSettings = {
				BUNDLE_LOADER = "$(TEST_HOST)";
				FRAMEWORK_SEARCH_PATHS = (
					"$(SDKROOT)/Developer/Library/Frameworks",
					"$(inherited)",
				);
				GCC_PREPROCESSOR_DEFINITIONS = (
					"DEBUG=1",
					"$(inherited)",
				);
				INFOPLIST_FILE = calcdaoappTests/Info.plist;
				LD_RUNPATH_SEARCH_PATHS = "$(inherited) @executable_path/Frameworks @loader_path/Frameworks";
				PRODUCT_NAME = "$(TARGET_NAME)";
				TEST_HOST = "$(BUILT_PRODUCTS_DIR)/calcdaoapp.app/calcdaoapp";
			};
			name = Debug;
		};
		9842AF991B9E0B81009B0D87 /* Release */ = {
			isa = XCBuildConfiguration;
			buildSettings = {
				BUNDLE_LOADER = "$(TEST_HOST)";
				FRAMEWORK_SEARCH_PATHS = (
					"$(SDKROOT)/Developer/Library/Frameworks",
					"$(inherited)",
				);
				INFOPLIST_FILE = calcdaoappTests/Info.plist;
				LD_RUNPATH_SEARCH_PATHS = "$(inherited) @executable_path/Frameworks @loader_path/Frameworks";
				PRODUCT_NAME = "$(TARGET_NAME)";
				TEST_HOST = "$(BUILT_PRODUCTS_DIR)/calcdaoapp.app/calcdaoapp";
			};
			name = Release;
		};
		98F05DDF1C49836C0004515D /* Debug */ = {
			isa = XCBuildConfiguration;
			buildSettings = {
				CURRENT_PROJECT_VERSION = 1;
				DEBUG_INFORMATION_FORMAT = dwarf;
				DEFINES_MODULE = YES;
				DYLIB_COMPATIBILITY_VERSION = 1;
				DYLIB_CURRENT_VERSION = 1;
				DYLIB_INSTALL_NAME_BASE = "@rpath";
				ENABLE_TESTABILITY = NO;
				INFOPLIST_FILE = calcDao/Info.plist;
				INSTALL_PATH = "$(LOCAL_LIBRARY_DIR)/Frameworks";
				IPHONEOS_DEPLOYMENT_TARGET = 9.2;
				LD_RUNPATH_SEARCH_PATHS = "$(inherited) @executable_path/Frameworks @loader_path/Frameworks";
				MODULEMAP_FILE = "$(SRCROOT)/CalcDao/module.modulemap";
				PRODUCT_BUNDLE_IDENTIFIER = com.acuant.calcDao;
				PRODUCT_NAME = "$(TARGET_NAME)";
				SKIP_INSTALL = YES;
				VERSIONING_SYSTEM = "apple-generic";
				VERSION_INFO_PREFIX = "";
			};
			name = Debug;
		};
		98F05DE01C49836C0004515D /* Release */ = {
			isa = XCBuildConfiguration;
			buildSettings = {
				CURRENT_PROJECT_VERSION = 1;
				DEFINES_MODULE = YES;
				DYLIB_COMPATIBILITY_VERSION = 1;
				DYLIB_CURRENT_VERSION = 1;
				DYLIB_INSTALL_NAME_BASE = "@rpath";
				ENABLE_TESTABILITY = NO;
				INFOPLIST_FILE = calcDao/Info.plist;
				INSTALL_PATH = "$(LOCAL_LIBRARY_DIR)/Frameworks";
				IPHONEOS_DEPLOYMENT_TARGET = 9.2;
				LD_RUNPATH_SEARCH_PATHS = "$(inherited) @executable_path/Frameworks @loader_path/Frameworks";
				MODULEMAP_FILE = "$(SRCROOT)/CalcDao/module.modulemap";
				PRODUCT_BUNDLE_IDENTIFIER = com.acuant.calcDao;
				PRODUCT_NAME = "$(TARGET_NAME)";
				SKIP_INSTALL = YES;
				VERSIONING_SYSTEM = "apple-generic";
				VERSION_INFO_PREFIX = "";
			};
			name = Release;
		};
/* End XCBuildConfiguration section */

/* Begin XCConfigurationList section */
		9842AF6C1B9E0B81009B0D87 /* Build configuration list for PBXProject "calcdaoapp" */ = {
			isa = XCConfigurationList;
			buildConfigurations = (
				9842AF921B9E0B81009B0D87 /* Debug */,
				9842AF931B9E0B81009B0D87 /* Release */,
			);
			defaultConfigurationIsVisible = 0;
			defaultConfigurationName = Release;
		};
		9842AF941B9E0B81009B0D87 /* Build configuration list for PBXNativeTarget "calcdaoapp" */ = {
			isa = XCConfigurationList;
			buildConfigurations = (
				9842AF951B9E0B81009B0D87 /* Debug */,
				9842AF961B9E0B81009B0D87 /* Release */,
			);
			defaultConfigurationIsVisible = 0;
			defaultConfigurationName = Release;
		};
		9842AF971B9E0B81009B0D87 /* Build configuration list for PBXNativeTarget "calcdaoappTests" */ = {
			isa = XCConfigurationList;
			buildConfigurations = (
				9842AF981B9E0B81009B0D87 /* Debug */,
				9842AF991B9E0B81009B0D87 /* Release */,
			);
			defaultConfigurationIsVisible = 0;
			defaultConfigurationName = Release;
		};
		98F05DE11C49836C0004515D /* Build configuration list for PBXNativeTarget "CalcDao" */ = {
			isa = XCConfigurationList;
			buildConfigurations = (
				98F05DDF1C49836C0004515D /* Debug */,
				98F05DE01C49836C0004515D /* Release */,
			);
			defaultConfigurationIsVisible = 0;
			defaultConfigurationName = Release;
		};
/* End XCConfigurationList section */
	};
	rootObject = 9842AF691B9E0B81009B0D87 /* Project object */;
}
