// !$*UTF8*$!
{
	archiveVersion = 1;
	classes = {
	};
	objectVersion = 46;
	objects = {

/* Begin PBXAggregateTarget section */
		60ED4255136C60AC00F3D3ED /* BuildAll */ = {
			isa = PBXAggregateTarget;
			buildConfigurationList = 60ED4256136C60AC00F3D3ED /* Build configuration list for PBXAggregateTarget "BuildAll" */;
			buildPhases = (
				60ED425D136C60D800F3D3ED /* ShellScript */,
			);
			dependencies = (
			);
			name = BuildAll;
			productName = FI;
		};
/* End PBXAggregateTarget section */

/* Begin PBXBuildFile section */
		60EA0AB813CB206800A0F61F /* InfoPlist.strings in Resources */ = {isa = PBXBuildFile; fileRef = 60EA0AB413CB206800A0F61F /* InfoPlist.strings */; };
		60EA0ABA13CB206800A0F61F /* FI-Prefix.pch in Headers */ = {isa = PBXBuildFile; fileRef = 60EA0AB713CB206800A0F61F /* FI-Prefix.pch */; };
		60EA0AC313CB22DC00A0F61F /* UIKit.framework in Frameworks */ = {isa = PBXBuildFile; fileRef = 60ED419B136C58B600F3D3ED /* UIKit.framework */; };
		95AF6EF417A015A000D6844C /* CalcDao.h in Headers */ = {isa = PBXBuildFile; fileRef = 95AF6EEE17A015A000D6844C /* CalcDao.h */; settings = {ATTRIBUTES = (Public, ); }; };
		95AF6EF517A015A000D6844C /* CalcDao.m in Sources */ = {isa = PBXBuildFile; fileRef = 95AF6EEF17A015A000D6844C /* CalcDao.m */; };
		95AF6EF617A015A000D6844C /* FI.h in Headers */ = {isa = PBXBuildFile; fileRef = 95AF6EF017A015A000D6844C /* FI.h */; };
		98F719881B9A3C1100B539D7 /* DaoCalc.podspec in Resources */ = {isa = PBXBuildFile; fileRef = 98F719871B9A3C1100B539D7 /* DaoCalc.podspec */; };
		98F7198B1B9A3C5700B539D7 /* LICENSE in Resources */ = {isa = PBXBuildFile; fileRef = 98F719891B9A3C5700B539D7 /* LICENSE */; };
		98F7198C1B9A3C5700B539D7 /* README.md in Sources */ = {isa = PBXBuildFile; fileRef = 98F7198A1B9A3C5700B539D7 /* README.md */; };
/* End PBXBuildFile section */

/* Begin PBXFileReference section */
		60EA0A9F13CB1FBC00A0F61F /* CalcDao.framework */ = {isa = PBXFileReference; explicitFileType = wrapper.cfbundle; includeInIndex = 0; path = CalcDao.framework; sourceTree = BUILT_PRODUCTS_DIR; };
		60EA0AB513CB206800A0F61F /* en */ = {isa = PBXFileReference; lastKnownFileType = text.plist.strings; name = en; path = en.lproj/InfoPlist.strings; sourceTree = "<group>"; };
		60EA0AB613CB206800A0F61F /* FI-Info.plist */ = {isa = PBXFileReference; fileEncoding = 4; lastKnownFileType = text.plist.xml; path = "FI-Info.plist"; sourceTree = "<group>"; };
		60EA0AB713CB206800A0F61F /* FI-Prefix.pch */ = {isa = PBXFileReference; fileEncoding = 4; lastKnownFileType = sourcecode.c.h; path = "FI-Prefix.pch"; sourceTree = "<group>"; };
		60ED419B136C58B600F3D3ED /* UIKit.framework */ = {isa = PBXFileReference; lastKnownFileType = wrapper.framework; name = UIKit.framework; path = System/Library/Frameworks/UIKit.framework; sourceTree = SDKROOT; };
		60ED419D136C58B600F3D3ED /* Foundation.framework */ = {isa = PBXFileReference; lastKnownFileType = wrapper.framework; name = Foundation.framework; path = System/Library/Frameworks/Foundation.framework; sourceTree = SDKROOT; };
		60ED419F136C58B600F3D3ED /* CoreGraphics.framework */ = {isa = PBXFileReference; lastKnownFileType = wrapper.framework; name = CoreGraphics.framework; path = System/Library/Frameworks/CoreGraphics.framework; sourceTree = SDKROOT; };
		60ED4233136C5F3000F3D3ED /* CoreFoundation.framework */ = {isa = PBXFileReference; lastKnownFileType = wrapper.framework; name = CoreFoundation.framework; path = System/Library/Frameworks/CoreFoundation.framework; sourceTree = SDKROOT; };
		95AF6EEE17A015A000D6844C /* CalcDao.h */ = {isa = PBXFileReference; fileEncoding = 4; lastKnownFileType = sourcecode.c.h; path = CalcDao.h; sourceTree = "<group>"; };
		95AF6EEF17A015A000D6844C /* CalcDao.m */ = {isa = PBXFileReference; fileEncoding = 4; lastKnownFileType = sourcecode.c.objc; path = CalcDao.m; sourceTree = "<group>"; };
		95AF6EF017A015A000D6844C /* FI.h */ = {isa = PBXFileReference; fileEncoding = 4; lastKnownFileType = sourcecode.c.h; path = FI.h; sourceTree = "<group>"; };
		98F719871B9A3C1100B539D7 /* DaoCalc.podspec */ = {isa = PBXFileReference; fileEncoding = 4; lastKnownFileType = text; path = DaoCalc.podspec; sourceTree = "<group>"; };
		98F719891B9A3C5700B539D7 /* LICENSE */ = {isa = PBXFileReference; fileEncoding = 4; lastKnownFileType = text; path = LICENSE; sourceTree = "<group>"; };
		98F7198A1B9A3C5700B539D7 /* README.md */ = {isa = PBXFileReference; fileEncoding = 4; lastKnownFileType = net.daringfireball.markdown; path = README.md; sourceTree = "<group>"; };
/* End PBXFileReference section */

/* Begin PBXFrameworksBuildPhase section */
		60EA0A9C13CB1FBC00A0F61F /* Frameworks */ = {
			isa = PBXFrameworksBuildPhase;
			buildActionMask = 2147483647;
			files = (
				60EA0AC313CB22DC00A0F61F /* UIKit.framework in Frameworks */,
			);
			runOnlyForDeploymentPostprocessing = 0;
		};
/* End PBXFrameworksBuildPhase section */

/* Begin PBXGroup section */
		60EA0AB313CB206800A0F61F /* Support Files */ = {
			isa = PBXGroup;
			children = (
				60EA0AB413CB206800A0F61F /* InfoPlist.strings */,
				60EA0AB613CB206800A0F61F /* FI-Info.plist */,
				60EA0AB713CB206800A0F61F /* FI-Prefix.pch */,
			);
			path = "Support Files";
			sourceTree = "<group>";
		};
		60ED418C136C58B600F3D3ED = {
			isa = PBXGroup;
			children = (
				98F719871B9A3C1100B539D7 /* DaoCalc.podspec */,
				98F719891B9A3C5700B539D7 /* LICENSE */,
				98F7198A1B9A3C5700B539D7 /* README.md */,
				60ED42A5136C6A4900F3D3ED /* CalcDao */,
				60ED419A136C58B600F3D3ED /* Frameworks */,
				60ED4198136C58B600F3D3ED /* Products */,
			);
			sourceTree = "<group>";
		};
		60ED4198136C58B600F3D3ED /* Products */ = {
			isa = PBXGroup;
			children = (
				60EA0A9F13CB1FBC00A0F61F /* CalcDao.framework */,
			);
			name = Products;
			sourceTree = "<group>";
		};
		60ED419A136C58B600F3D3ED /* Frameworks */ = {
			isa = PBXGroup;
			children = (
				60ED419B136C58B600F3D3ED /* UIKit.framework */,
				60ED419D136C58B600F3D3ED /* Foundation.framework */,
				60ED419F136C58B600F3D3ED /* CoreGraphics.framework */,
				60ED4233136C5F3000F3D3ED /* CoreFoundation.framework */,
			);
			name = Frameworks;
			sourceTree = "<group>";
		};
		60ED42A5136C6A4900F3D3ED /* CalcDao */ = {
			isa = PBXGroup;
			children = (
				60ED42A6136C6A4900F3D3ED /* Source */,
				60EA0AB313CB206800A0F61F /* Support Files */,
			);
			name = CalcDao;
			path = "Framework-iOS";
			sourceTree = "<group>";
		};
		60ED42A6136C6A4900F3D3ED /* Source */ = {
			isa = PBXGroup;
			children = (
				95AF6EE917A015A000D6844C /* Private */,
				95AF6EEA17A015A000D6844C /* Public */,
			);
			path = Source;
			sourceTree = "<group>";
		};
		95AF6EE917A015A000D6844C /* Private */ = {
			isa = PBXGroup;
			children = (
			);
			path = Private;
			sourceTree = "<group>";
		};
		95AF6EEA17A015A000D6844C /* Public */ = {
			isa = PBXGroup;
			children = (
				95AF6EEE17A015A000D6844C /* CalcDao.h */,
				95AF6EEF17A015A000D6844C /* CalcDao.m */,
				95AF6EF017A015A000D6844C /* FI.h */,
			);
			path = Public;
			sourceTree = "<group>";
		};
/* End PBXGroup section */

/* Begin PBXHeadersBuildPhase section */
		60EA0AAB13CB1FCC00A0F61F /* Headers */ = {
			isa = PBXHeadersBuildPhase;
			buildActionMask = 2147483647;
			files = (
				95AF6EF417A015A000D6844C /* CalcDao.h in Headers */,
				60EA0ABA13CB206800A0F61F /* FI-Prefix.pch in Headers */,
				95AF6EF617A015A000D6844C /* FI.h in Headers */,
			);
			runOnlyForDeploymentPostprocessing = 0;
		};
/* End PBXHeadersBuildPhase section */

/* Begin PBXNativeTarget section */
		60EA0A9E13CB1FBC00A0F61F /* CalcDao */ = {
			isa = PBXNativeTarget;
			buildConfigurationList = 60EA0AA813CB1FBC00A0F61F /* Build configuration list for PBXNativeTarget "CalcDao" */;
			buildPhases = (
				60EA0A9B13CB1FBC00A0F61F /* Sources */,
				60EA0A9C13CB1FBC00A0F61F /* Frameworks */,
				60EA0A9D13CB1FBC00A0F61F /* Resources */,
				60EA0AAB13CB1FCC00A0F61F /* Headers */,
			);
			buildRules = (
			);
			dependencies = (
			);
			name = CalcDao;
			productName = FI;
			productReference = 60EA0A9F13CB1FBC00A0F61F /* CalcDao.framework */;
			productType = "com.apple.product-type.bundle";
		};
/* End PBXNativeTarget section */

/* Begin PBXProject section */
		60ED418E136C58B600F3D3ED /* Project object */ = {
			isa = PBXProject;
			attributes = {
				ORGANIZATIONNAME = "DB-Interactive";
			};
			buildConfigurationList = 60ED4191136C58B600F3D3ED /* Build configuration list for PBXProject "CalcDao" */;
			compatibilityVersion = "Xcode 3.2";
			developmentRegion = English;
			hasScannedForEncodings = 0;
			knownRegions = (
				en,
			);
			mainGroup = 60ED418C136C58B600F3D3ED;
			productRefGroup = 60ED4198136C58B600F3D3ED /* Products */;
			projectDirPath = "";
			projectRoot = "";
			targets = (
				60EA0A9E13CB1FBC00A0F61F /* CalcDao */,
				60ED4255136C60AC00F3D3ED /* BuildAll */,
			);
		};
/* End PBXProject section */

/* Begin PBXResourcesBuildPhase section */
		60EA0A9D13CB1FBC00A0F61F /* Resources */ = {
			isa = PBXResourcesBuildPhase;
			buildActionMask = 2147483647;
			files = (
				98F7198B1B9A3C5700B539D7 /* LICENSE in Resources */,
				98F719881B9A3C1100B539D7 /* DaoCalc.podspec in Resources */,
				60EA0AB813CB206800A0F61F /* InfoPlist.strings in Resources */,
			);
			runOnlyForDeploymentPostprocessing = 0;
		};
/* End PBXResourcesBuildPhase section */

/* Begin PBXShellScriptBuildPhase section */
		60ED425D136C60D800F3D3ED /* ShellScript */ = {
			isa = PBXShellScriptBuildPhase;
			buildActionMask = 2147483647;
			files = (
			);
			inputPaths = (
			);
			outputPaths = (
			);
			runOnlyForDeploymentPostprocessing = 0;
			shellPath = /bin/sh;
			shellScript = "# Sets the target folders and the final framework product.\nFMK_NAME=CalcDao\nTARGET=CalcDao\nFMK_VERSION=\"1.0.0\"\nIOSSDK_VER=\"8.1\"\n\n# Install dir will be the final output to the framework.\n# The following line create it in the root folder of the current project.\nINSTALL_DIR=${SRCROOT}/Products/${FMK_NAME}.framework\n\n# Working dir will be deleted after the framework creation.\nWRK_DIR=build\nDEVICE_DIR=${WRK_DIR}/Release-iphoneos/${FMK_NAME}.framework\nSIMULATOR_DIR=${WRK_DIR}/Release-iphonesimulator/${FMK_NAME}.framework\n\n# Cleaning the oldest.\nif [ -d \"${INSTALL_DIR}\" ]\nthen\nrm -rf \"${INSTALL_DIR}\"\nfi\n\n# Building both architectures.\nxcodebuild -configuration \"Release\" -target \"${TARGET}\" -sdk iphoneos\nxcodebuild -configuration \"Release\" -target \"${TARGET}\" -sdk iphonesimulator\n\n# Creates and renews the final product folder.\nmkdir -p \"${INSTALL_DIR}\"\nmkdir -p \"${INSTALL_DIR}/Versions\"\nmkdir -p \"${INSTALL_DIR}/Versions/${FMK_VERSION}\"\nmkdir -p \"${INSTALL_DIR}/Versions/${FMK_VERSION}/Resources\"\nmkdir -p \"${INSTALL_DIR}/Versions/${FMK_VERSION}/Headers\"\n\n# Creates the internal links.\n# It MUST uses relative path, otherwise will not work when the folder is copied/moved.\nln -s \"${FMK_VERSION}\" \"${INSTALL_DIR}/Versions/Current\"\nln -s \"Versions/Current/Headers\" \"${INSTALL_DIR}/Headers\"\nln -s \"Versions/Current/Resources\" \"${INSTALL_DIR}/Resources\"\nln -s \"Versions/Current/${FMK_NAME}\" \"${INSTALL_DIR}/${FMK_NAME}\"\n\n# Copies the headers and resources files to the final product folder.\ncp -R \"${DEVICE_DIR}/Headers/\" \"${INSTALL_DIR}/Versions/${FMK_VERSION}/Headers/\"\ncp -R \"${DEVICE_DIR}/\" \"${INSTALL_DIR}/Versions/${FMK_VERSION}/Resources/\"\n\n# Removes the binary and header from the resources folder.\nrm -r \"${INSTALL_DIR}/Versions/${FMK_VERSION}/Resources/Headers\" \"${INSTALL_DIR}/Versions/${FMK_VERSION}/Resources/${FMK_NAME}\"\n\n# Uses the Lipo Tool to merge both binary files (i386 + armv6/armv7) into one Universal final product.\nlipo -create \"${DEVICE_DIR}/${FMK_NAME}\" \"${SIMULATOR_DIR}/${FMK_NAME}\" -output \"${INSTALL_DIR}/Versions/${FMK_VERSION}/${FMK_NAME}\"\n\n# Remove WRK_DIR.\nrm -r \"${WRK_DIR}\"";
		};
/* End PBXShellScriptBuildPhase section */

/* Begin PBXSourcesBuildPhase section */
		60EA0A9B13CB1FBC00A0F61F /* Sources */ = {
			isa = PBXSourcesBuildPhase;
			buildActionMask = 2147483647;
			files = (
				98F7198C1B9A3C5700B539D7 /* README.md in Sources */,
				95AF6EF517A015A000D6844C /* CalcDao.m in Sources */,
			);
			runOnlyForDeploymentPostprocessing = 0;
		};
/* End PBXSourcesBuildPhase section */

/* Begin PBXVariantGroup section */
		60EA0AB413CB206800A0F61F /* InfoPlist.strings */ = {
			isa = PBXVariantGroup;
			children = (
				60EA0AB513CB206800A0F61F /* en */,
			);
			name = InfoPlist.strings;
			sourceTree = "<group>";
		};
/* End PBXVariantGroup section */

/* Begin XCBuildConfiguration section */
		60EA0AA913CB1FBC00A0F61F /* Debug */ = {
			isa = XCBuildConfiguration;
			buildSettings = {
				ALWAYS_SEARCH_USER_PATHS = NO;
				ARCHS = "$(ARCHS_STANDARD_32_BIT)";
				CLANG_ENABLE_OBJC_ARC = YES;
				CODE_SIGN_RESOURCE_RULES_PATH = "";
				COPY_PHASE_STRIP = NO;
				DEAD_CODE_STRIPPING = NO;
				DEBUG_INFORMATION_FORMAT = "dwarf-with-dsym";
				FRAMEWORK_SEARCH_PATHS = "";
				GCC_DYNAMIC_NO_PIC = NO;
				GCC_ENABLE_OBJC_EXCEPTIONS = YES;
				GCC_GENERATE_DEBUGGING_SYMBOLS = NO;
				GCC_PRECOMPILE_PREFIX_HEADER = YES;
				GCC_PREFIX_HEADER = "Framework-iOS/Support Files/FI-Prefix.pch";
				GCC_VERSION = com.apple.compilers.llvm.clang.1_0;
				GCC_WARN_64_TO_32_BIT_CONVERSION = YES;
				GENERATE_PKGINFO_FILE = NO;
				INCLUDED_RECURSIVE_SEARCH_PATH_SUBDIRECTORIES = "";
				INFOPLIST_FILE = "Framework-iOS/Support Files/FI-Info.plist";
				INFOPLIST_OTHER_PREPROCESSOR_FLAGS = "";
				INFOPLIST_OUTPUT_FORMAT = "same-as-input";
				INFOPLIST_PREFIX_HEADER = "";
				INSTALL_PATH = "$(LOCAL_LIBRARY_DIR)/Bundles";
				IPHONEOS_DEPLOYMENT_TARGET = 8.1;
				LD_RUNPATH_SEARCH_PATHS = "";
				LINK_WITH_STANDARD_LIBRARIES = NO;
				MACH_O_TYPE = mh_object;
				MACOSX_DEPLOYMENT_TARGET = 10.6;
				ONLY_ACTIVE_ARCH = NO;
				PLIST_FILE_OUTPUT_FORMAT = "same-as-input";
				PRODUCT_NAME = "$(TARGET_NAME)";
				REZ_SEARCH_PATHS = "";
				SDKROOT = iphoneos;
				STRINGS_FILE_OUTPUT_ENCODING = "UTF-8";
				TARGETED_DEVICE_FAMILY = "1,2";
				VALID_ARCHS = "$(ARCHS_STANDARD_32_BIT)";
				WRAPPER_EXTENSION = framework;
			};
			name = Debug;
		};
		60EA0AAA13CB1FBC00A0F61F /* Release */ = {
			isa = XCBuildConfiguration;
			buildSettings = {
				ALWAYS_SEARCH_USER_PATHS = NO;
				ARCHS = "$(ARCHS_STANDARD_32_BIT)";
				CLANG_ENABLE_OBJC_ARC = YES;
				CODE_SIGN_RESOURCE_RULES_PATH = "";
				COPY_PHASE_STRIP = YES;
				DEAD_CODE_STRIPPING = NO;
				DEBUG_INFORMATION_FORMAT = "dwarf-with-dsym";
				FRAMEWORK_SEARCH_PATHS = "";
				GCC_ENABLE_OBJC_EXCEPTIONS = YES;
				GCC_GENERATE_DEBUGGING_SYMBOLS = NO;
				GCC_PRECOMPILE_PREFIX_HEADER = YES;
				GCC_PREFIX_HEADER = "Framework-iOS/Support Files/FI-Prefix.pch";
				GCC_VERSION = com.apple.compilers.llvm.clang.1_0;
				GCC_WARN_64_TO_32_BIT_CONVERSION = YES;
				GENERATE_PKGINFO_FILE = NO;
				INCLUDED_RECURSIVE_SEARCH_PATH_SUBDIRECTORIES = "";
				INFOPLIST_FILE = "Framework-iOS/Support Files/FI-Info.plist";
				INFOPLIST_OTHER_PREPROCESSOR_FLAGS = "";
				INFOPLIST_OUTPUT_FORMAT = "same-as-input";
				INFOPLIST_PREFIX_HEADER = "";
				INSTALL_PATH = "$(LOCAL_LIBRARY_DIR)/Bundles";
				IPHONEOS_DEPLOYMENT_TARGET = 8.1;
				LD_RUNPATH_SEARCH_PATHS = "";
				LINK_WITH_STANDARD_LIBRARIES = NO;
				MACH_O_TYPE = mh_object;
				MACOSX_DEPLOYMENT_TARGET = 10.6;
				ONLY_ACTIVE_ARCH = NO;
				PLIST_FILE_OUTPUT_FORMAT = "same-as-input";
				PRODUCT_NAME = "$(TARGET_NAME)";
				REZ_SEARCH_PATHS = "";
				SDKROOT = iphoneos;
				STRINGS_FILE_OUTPUT_ENCODING = "UTF-8";
				TARGETED_DEVICE_FAMILY = "1,2";
				VALID_ARCHS = "$(ARCHS_STANDARD_32_BIT)";
				WRAPPER_EXTENSION = framework;
			};
			name = Release;
		};
		60ED41B6136C58B600F3D3ED /* Debug */ = {
			isa = XCBuildConfiguration;
			buildSettings = {
				ARCHS = "$(ARCHS_STANDARD_32_BIT)";
				CLANG_ENABLE_OBJC_ARC = YES;
				"CODE_SIGN_IDENTITY[sdk=iphoneos*]" = "iPhone Developer";
				GCC_C_LANGUAGE_STANDARD = gnu99;
				GCC_OPTIMIZATION_LEVEL = 0;
				GCC_PREPROCESSOR_DEFINITIONS = DEBUG;
				GCC_SYMBOLS_PRIVATE_EXTERN = NO;
				GCC_VERSION = com.apple.compilers.llvmgcc42;
				GCC_WARN_ABOUT_RETURN_TYPE = YES;
				GCC_WARN_UNUSED_VARIABLE = YES;
				IPHONEOS_DEPLOYMENT_TARGET = 4.3;
				SDKROOT = iphoneos;
			};
			name = Debug;
		};
		60ED41B7136C58B600F3D3ED /* Release */ = {
			isa = XCBuildConfiguration;
			buildSettings = {
				ARCHS = "$(ARCHS_STANDARD_32_BIT)";
				CLANG_ENABLE_OBJC_ARC = YES;
				"CODE_SIGN_IDENTITY[sdk=iphoneos*]" = "iPhone Developer";
				GCC_C_LANGUAGE_STANDARD = gnu99;
				GCC_VERSION = com.apple.compilers.llvmgcc42;
				GCC_WARN_ABOUT_RETURN_TYPE = YES;
				GCC_WARN_UNUSED_VARIABLE = YES;
				IPHONEOS_DEPLOYMENT_TARGET = 4.3;
				OTHER_CFLAGS = "-DNS_BLOCK_ASSERTIONS=1";
				SDKROOT = iphoneos;
			};
			name = Release;
		};
		60ED4257136C60AC00F3D3ED /* Debug */ = {
			isa = XCBuildConfiguration;
			buildSettings = {
				ARCHS = "$(ARCHS_STANDARD_32_BIT)";
				PRODUCT_NAME = "$(TARGET_NAME)";
			};
			name = Debug;
		};
		60ED4258136C60AC00F3D3ED /* Release */ = {
			isa = XCBuildConfiguration;
			buildSettings = {
				ARCHS = "$(ARCHS_STANDARD_32_BIT)";
				PRODUCT_NAME = "$(TARGET_NAME)";
			};
			name = Release;
		};
/* End XCBuildConfiguration section */

/* Begin XCConfigurationList section */
		60EA0AA813CB1FBC00A0F61F /* Build configuration list for PBXNativeTarget "CalcDao" */ = {
			isa = XCConfigurationList;
			buildConfigurations = (
				60EA0AA913CB1FBC00A0F61F /* Debug */,
				60EA0AAA13CB1FBC00A0F61F /* Release */,
			);
			defaultConfigurationIsVisible = 0;
			defaultConfigurationName = Release;
		};
		60ED4191136C58B600F3D3ED /* Build configuration list for PBXProject "CalcDao" */ = {
			isa = XCConfigurationList;
			buildConfigurations = (
				60ED41B6136C58B600F3D3ED /* Debug */,
				60ED41B7136C58B600F3D3ED /* Release */,
			);
			defaultConfigurationIsVisible = 0;
			defaultConfigurationName = Release;
		};
		60ED4256136C60AC00F3D3ED /* Build configuration list for PBXAggregateTarget "BuildAll" */ = {
			isa = XCConfigurationList;
			buildConfigurations = (
				60ED4257136C60AC00F3D3ED /* Debug */,
				60ED4258136C60AC00F3D3ED /* Release */,
			);
			defaultConfigurationIsVisible = 0;
			defaultConfigurationName = Release;
		};
/* End XCConfigurationList section */
	};
	rootObject = 60ED418E136C58B600F3D3ED /* Project object */;
}
